
Microsoft Visual Studio Solution File, Format Version 12.00
# Visual Studio 15
VisualStudioVersion = 15.0.27428.2043
MinimumVisualStudioVersion = 10.0.40219.1
Project("{888888A0-9F3D-457C-B088-3A5042F75D52}") = "pytorch-classification", "pytorch-classification.pyproj", "{F07C44D1-9EF4-436C-85AC-2442AE800CCF}"
EndProject
Global
	GlobalSection(SolutionConfigurationPlatforms) = preSolution
		Debug|Any CPU = Debug|Any CPU
		Release|Any CPU = Release|Any CPU
	EndGlobalSection
	GlobalSection(ProjectConfigurationPlatforms) = postSolution
		{F07C44D1-9EF4-436C-85AC-2442AE800CCF}.Debug|Any CPU.ActiveCfg = Debug|Any CPU
		{F07C44D1-9EF4-436C-85AC-2442AE800CCF}.Release|Any CPU.ActiveCfg = Release|Any CPU
	EndGlobalSection
	GlobalSection(SolutionProperties) = preSolution
		HideSolutionNode = FALSE
	EndGlobalSection
	GlobalSection(ExtensibilityGlobals) = postSolution
		SolutionGuid = {E7A57080-6C96-4DEC-A928-749EBD04DBB3}
	EndGlobalSection
EndGlobal
